// !$*UTF8*$!
{
	archiveVersion = 1;
	classes = {
	};
	objectVersion = 46;
	objects = {

/* Begin PBXBuildFile section */
		ABF4B85C1E57BE580030CD64 /* AppDelegate.swift in Sources */ = {isa = PBXBuildFile; fileRef = ABF4B85B1E57BE580030CD64 /* AppDelegate.swift */; };
		ABF4B85E1E57BE580030CD64 /* ViewController.swift in Sources */ = {isa = PBXBuildFile; fileRef = ABF4B85D1E57BE580030CD64 /* ViewController.swift */; };
		ABF4B8611E57BE580030CD64 /* Main.storyboard in Resources */ = {isa = PBXBuildFile; fileRef = ABF4B85F1E57BE580030CD64 /* Main.storyboard */; };
		ABF4B8641E57BE580030CD64 /* DreamLister.xcdatamodeld in Sources */ = {isa = PBXBuildFile; fileRef = ABF4B8621E57BE580030CD64 /* DreamLister.xcdatamodeld */; };
		ABF4B8661E57BE580030CD64 /* Assets.xcassets in Resources */ = {isa = PBXBuildFile; fileRef = ABF4B8651E57BE580030CD64 /* Assets.xcassets */; };
		ABF4B8691E57BE580030CD64 /* LaunchScreen.storyboard in Resources */ = {isa = PBXBuildFile; fileRef = ABF4B8671E57BE580030CD64 /* LaunchScreen.storyboard */; };
/* End PBXBuildFile section */

/* Begin PBXFileReference section */
		ABF4B8581E57BE580030CD64 /* DreamLister.app */ = {isa = PBXFileReference; explicitFileType = wrapper.application; includeInIndex = 0; path = DreamLister.app; sourceTree = BUILT_PRODUCTS_DIR; };
		ABF4B85B1E57BE580030CD64 /* AppDelegate.swift */ = {isa = PBXFileReference; lastKnownFileType = sourcecode.swift; path = AppDelegate.swift; sourceTree = "<group>"; };
		ABF4B85D1E57BE580030CD64 /* ViewController.swift */ = {isa = PBXFileReference; lastKnownFileType = sourcecode.swift; path = ViewController.swift; sourceTree = "<group>"; };
		ABF4B8601E57BE580030CD64 /* Base */ = {isa = PBXFileReference; lastKnownFileType = file.storyboard; name = Base; path = Base.lproj/Main.storyboard; sourceTree = "<group>"; };
		ABF4B8631E57BE580030CD64 /* DreamLister.xcdatamodel */ = {isa = PBXFileReference; lastKnownFileType = wrapper.xcdatamodel; path = DreamLister.xcdatamodel; sourceTree = "<group>"; };
		ABF4B8651E57BE580030CD64 /* Assets.xcassets */ = {isa = PBXFileReference; lastKnownFileType = folder.assetcatalog; path = Assets.xcassets; sourceTree = "<group>"; };
		ABF4B8681E57BE580030CD64 /* Base */ = {isa = PBXFileReference; lastKnownFileType = file.storyboard; name = Base; path = Base.lproj/LaunchScreen.storyboard; sourceTree = "<group>"; };
		ABF4B86A1E57BE580030CD64 /* Info.plist */ = {isa = PBXFileReference; lastKnownFileType = text.plist.xml; path = Info.plist; sourceTree = "<group>"; };
/* End PBXFileReference section */

/* Begin PBXFrameworksBuildPhase section */
		ABF4B8551E57BE580030CD64 /* Frameworks */ = {
			isa = PBXFrameworksBuildPhase;
			buildActionMask = 2147483647;
			files = (
			);
			runOnlyForDeploymentPostprocessing = 0;
		};
/* End PBXFrameworksBuildPhase section */

/* Begin PBXGroup section */
		ABF4B84F1E57BE580030CD64 = {
			isa = PBXGroup;
			children = (
				ABF4B85A1E57BE580030CD64 /* DreamLister */,
				ABF4B8591E57BE580030CD64 /* Products */,
			);
			sourceTree = "<group>";
		};
		ABF4B8591E57BE580030CD64 /* Products */ = {
			isa = PBXGroup;
			children = (
				ABF4B8581E57BE580030CD64 /* DreamLister.app */,
			);
			name = Products;
			sourceTree = "<group>";
		};
		ABF4B85A1E57BE580030CD64 /* DreamLister */ = {
			isa = PBXGroup;
			children = (
				ABF4B85B1E57BE580030CD64 /* AppDelegate.swift */,
				ABF4B85D1E57BE580030CD64 /* ViewController.swift */,
				ABF4B85F1E57BE580030CD64 /* Main.storyboard */,
				ABF4B8651E57BE580030CD64 /* Assets.xcassets */,
				ABF4B8671E57BE580030CD64 /* LaunchScreen.storyboard */,
				ABF4B86A1E57BE580030CD64 /* Info.plist */,
				ABF4B8621E57BE580030CD64 /* DreamLister.xcdatamodeld */,
			);
			path = DreamLister;
			sourceTree = "<group>";
		};
/* End PBXGroup section */

/* Begin PBXNativeTarget section */
		ABF4B8571E57BE580030CD64 /* DreamLister */ = {
			isa = PBXNativeTarget;
			buildConfigurationList = ABF4B86D1E57BE580030CD64 /* Build configuration list for PBXNativeTarget "DreamLister" */;
			buildPhases = (
				ABF4B8541E57BE580030CD64 /* Sources */,
				ABF4B8551E57BE580030CD64 /* Frameworks */,
				ABF4B8561E57BE580030CD64 /* Resources */,
			);
			buildRules = (
			);
			dependencies = (
			);
			name = DreamLister;
			productName = DreamLister;
			productReference = ABF4B8581E57BE580030CD64 /* DreamLister.app */;
			productType = "com.apple.product-type.application";
		};
/* End PBXNativeTarget section */

/* Begin PBXProject section */
		ABF4B8501E57BE580030CD64 /* Project object */ = {
			isa = PBXProject;
			attributes = {
				LastSwiftUpdateCheck = 0820;
				LastUpgradeCheck = 0820;
				ORGANIZATIONNAME = "JOSE PILAPIL";
				TargetAttributes = {
					ABF4B8571E57BE580030CD64 = {
						CreatedOnToolsVersion = 8.2.1;
						DevelopmentTeam = 7HD7CFYP99;
						ProvisioningStyle = Automatic;
					};
				};
			};
			buildConfigurationList = ABF4B8531E57BE580030CD64 /* Build configuration list for PBXProject "DreamLister" */;
			compatibilityVersion = "Xcode 3.2";
			developmentRegion = English;
			hasScannedForEncodings = 0;
			knownRegions = (
				en,
				Base,
			);
			mainGroup = ABF4B84F1E57BE580030CD64;
			productRefGroup = ABF4B8591E57BE580030CD64 /* Products */;
			projectDirPath = "";
			projectRoot = "";
			targets = (
				ABF4B8571E57BE580030CD64 /* DreamLister */,
			);
		};
/* End PBXProject section */

/* Begin PBXResourcesBuildPhase section */
		ABF4B8561E57BE580030CD64 /* Resources */ = {
			isa = PBXResourcesBuildPhase;
			buildActionMask = 2147483647;
			files = (
				ABF4B8691E57BE580030CD64 /* LaunchScreen.storyboard in Resources */,
				ABF4B8661E57BE580030CD64 /* Assets.xcassets in Resources */,
				ABF4B8611E57BE580030CD64 /* Main.storyboard in Resources */,
			);
			runOnlyForDeploymentPostprocessing = 0;
		};
/* End PBXResourcesBuildPhase section */

/* Begin PBXSourcesBuildPhase section */
		ABF4B8541E57BE580030CD64 /* Sources */ = {
			isa = PBXSourcesBuildPhase;
			buildActionMask = 2147483647;
			files = (
				ABF4B85E1E57BE580030CD64 /* ViewController.swift in Sources */,
				ABF4B85C1E57BE580030CD64 /* AppDelegate.swift in Sources */,
				ABF4B8641E57BE580030CD64 /* DreamLister.xcdatamodeld in Sources */,
			);
			runOnlyForDeploymentPostprocessing = 0;
		};
/* End PBXSourcesBuildPhase section */

/* Begin PBXVariantGroup section */
		ABF4B85F1E57BE580030CD64 /* Main.storyboard */ = {
			isa = PBXVariantGroup;
			children = (
				ABF4B8601E57BE580030CD64 /* Base */,
			);
			name = Main.storyboard;
			sourceTree = "<group>";
		};
		ABF4B8671E57BE580030CD64 /* LaunchScreen.storyboard */ = {
			isa = PBXVariantGroup;
			children = (
				ABF4B8681E57BE580030CD64 /* Base */,
			);
			name = LaunchScreen.storyboard;
			sourceTree = "<group>";
		};
/* End PBXVariantGroup section */

/* Begin XCBuildConfiguration section */
		ABF4B86B1E57BE580030CD64 /* Debug */ = {
			isa = XCBuildConfiguration;
			buildSettings = {
				ALWAYS_SEARCH_USER_PATHS = NO;
				CLANG_ANALYZER_NONNULL = YES;
				CLANG_CXX_LANGUAGE_STANDARD = "gnu++0x";
				CLANG_CXX_LIBRARY = "libc++";
				CLANG_ENABLE_MODULES = YES;
				CLANG_ENABLE_OBJC_ARC = YES;
				CLANG_WARN_BOOL_CONVERSION = YES;
				CLANG_WARN_CONSTANT_CONVERSION = YES;
				CLANG_WARN_DIRECT_OBJC_ISA_USAGE = YES_ERROR;
				CLANG_WARN_DOCUMENTATION_COMMENTS = YES;
				CLANG_WARN_EMPTY_BODY = YES;
				CLANG_WARN_ENUM_CONVERSION = YES;
				CLANG_WARN_INFINITE_RECURSION = YES;
				CLANG_WARN_INT_CONVERSION = YES;
				CLANG_WARN_OBJC_ROOT_CLASS = YES_ERROR;
				CLANG_WARN_SUSPICIOUS_MOVE = YES;
				CLANG_WARN_UNREACHABLE_CODE = YES;
				CLANG_WARN__DUPLICATE_METHOD_MATCH = YES;
				"CODE_SIGN_IDENTITY[sdk=iphoneos*]" = "iPhone Developer";
				COPY_PHASE_STRIP = NO;
				DEBUG_INFORMATION_FORMAT = dwarf;
				ENABLE_STRICT_OBJC_MSGSEND = YES;
				ENABLE_TESTABILITY = YES;
				GCC_C_LANGUAGE_STANDARD = gnu99;
				GCC_DYNAMIC_NO_PIC = NO;
				GCC_NO_COMMON_BLOCKS = YES;
				GCC_OPTIMIZATION_LEVEL = 0;
				GCC_PREPROCESSOR_DEFINITIONS = (
					"DEBUG=1",
					"$(inherited)",
				);
				GCC_WARN_64_TO_32_BIT_CONVERSION = YES;
				GCC_WARN_ABOUT_RETURN_TYPE = YES_ERROR;
				GCC_WARN_UNDECLARED_SELECTOR = YES;
				GCC_WARN_UNINITIALIZED_AUTOS = YES_AGGRESSIVE;
				GCC_WARN_UNUSED_FUNCTION = YES;
				GCC_WARN_UNUSED_VARIABLE = YES;
				IPHONEOS_DEPLOYMENT_TARGET = 10.2;
				MTL_ENABLE_DEBUG_INFO = YES;
				ONLY_ACTIVE_ARCH = YES;
				SDKROOT = iphoneos;
				SWIFT_ACTIVE_COMPILATION_CONDITIONS = DEBUG;
				SWIFT_OPTIMIZATION_LEVEL = "-Onone";
				TARGETED_DEVICE_FAMILY = "1,2";
			};
			name = Debug;
		};
		ABF4B86C1E57BE580030CD64 /* Release */ = {
			isa = XCBuildConfiguration;
			buildSettings = {
				ALWAYS_SEARCH_USER_PATHS = NO;
				CLANG_ANALYZER_NONNULL = YES;
				CLANG_CXX_LANGUAGE_STANDARD = "gnu++0x";
				CLANG_CXX_LIBRARY = "libc++";
				CLANG_ENABLE_MODULES = YES;
				CLANG_ENABLE_OBJC_ARC = YES;
				CLANG_WARN_BOOL_CONVERSION = YES;
				CLANG_WARN_CONSTANT_CONVERSION = YES;
				CLANG_WARN_DIRECT_OBJC_ISA_USAGE = YES_ERROR;
				CLANG_WARN_DOCUMENTATION_COMMENTS = YES;
				CLANG_WARN_EMPTY_BODY = YES;
				CLANG_WARN_ENUM_CONVERSION = YES;
				CLANG_WARN_INFINITE_RECURSION = YES;
				CLANG_WARN_INT_CONVERSION = YES;
				CLANG_WARN_OBJC_ROOT_CLASS = YES_ERROR;
				CLANG_WARN_SUSPICIOUS_MOVE = YES;
				CLANG_WARN_UNREACHABLE_CODE = YES;
				CLANG_WARN__DUPLICATE_METHOD_MATCH = YES;
				"CODE_SIGN_IDENTITY[sdk=iphoneos*]" = "iPhone Developer";
				COPY_PHASE_STRIP = NO;
				DEBUG_INFORMATION_FORMAT = "dwarf-with-dsym";
				ENABLE_NS_ASSERTIONS = NO;
				ENABLE_STRICT_OBJC_MSGSEND = YES;
				GCC_C_LANGUAGE_STANDARD = gnu99;
				GCC_NO_COMMON_BLOCKS = YES;
				GCC_WARN_64_TO_32_BIT_CONVERSION = YES;
				GCC_WARN_ABOUT_RETURN_TYPE = YES_ERROR;
				GCC_WARN_UNDECLARED_SELECTOR = YES;
				GCC_WARN_UNINITIALIZED_AUTOS = YES_AGGRESSIVE;
				GCC_WARN_UNUSED_FUNCTION = YES;
				GCC_WARN_UNUSED_VARIABLE = YES;
				IPHONEOS_DEPLOYMENT_TARGET = 10.2;
				MTL_ENABLE_DEBUG_INFO = NO;
				SDKROOT = iphoneos;
				SWIFT_OPTIMIZATION_LEVEL = "-Owholemodule";
				TARGETED_DEVICE_FAMILY = "1,2";
				VALIDATE_PRODUCT = YES;
			};
			name = Release;
		};
		ABF4B86E1E57BE580030CD64 /* Debug */ = {
			isa = XCBuildConfiguration;
			buildSettings = {
				ASSETCATALOG_COMPILER_APPICON_NAME = AppIcon;
				DEVELOPMENT_TEAM = 7HD7CFYP99;
				INFOPLIST_FILE = DreamLister/Info.plist;
				LD_RUNPATH_SEARCH_PATHS = "$(inherited) @executable_path/Frameworks";
				PRODUCT_BUNDLE_IDENTIFIER = bananas.DreamLister;
				PRODUCT_NAME = "$(TARGET_NAME)";
				SWIFT_VERSION = 3.0;
			};
			name = Debug;
		};
		ABF4B86F1E57BE580030CD64 /* Release */ = {
			isa = XCBuildConfiguration;
			buildSettings = {
				ASSETCATALOG_COMPILER_APPICON_NAME = AppIcon;
				DEVELOPMENT_TEAM = 7HD7CFYP99;
				INFOPLIST_FILE = DreamLister/Info.plist;
				LD_RUNPATH_SEARCH_PATHS = "$(inherited) @executable_path/Frameworks";
				PRODUCT_BUNDLE_IDENTIFIER = bananas.DreamLister;
				PRODUCT_NAME = "$(TARGET_NAME)";
				SWIFT_VERSION = 3.0;
			};
			name = Release;
		};
/* End XCBuildConfiguration section */

/* Begin XCConfigurationList section */
		ABF4B8531E57BE580030CD64 /* Build configuration list for PBXProject "DreamLister" */ = {
			isa = XCConfigurationList;
			buildConfigurations = (
				ABF4B86B1E57BE580030CD64 /* Debug */,
				ABF4B86C1E57BE580030CD64 /* Release */,
			);
			defaultConfigurationIsVisible = 0;
			defaultConfigurationName = Release;
		};
		ABF4B86D1E57BE580030CD64 /* Build configuration list for PBXNativeTarget "DreamLister" */ = {
			isa = XCConfigurationList;
			buildConfigurations = (
				ABF4B86E1E57BE580030CD64 /* Debug */,
				ABF4B86F1E57BE580030CD64 /* Release */,
			);
			defaultConfigurationIsVisible = 0;
		};
/* End XCConfigurationList section */

/* Begin XCVersionGroup section */
		ABF4B8621E57BE580030CD64 /* DreamLister.xcdatamodeld */ = {
			isa = XCVersionGroup;
			children = (
				ABF4B8631E57BE580030CD64 /* DreamLister.xcdatamodel */,
			);
			currentVersion = ABF4B8631E57BE580030CD64 /* DreamLister.xcdatamodel */;
			path = DreamLister.xcdatamodeld;
			sourceTree = "<group>";
			versionGroupType = wrapper.xcdatamodel;
		};
/* End XCVersionGroup section */
	};
	rootObject = ABF4B8501E57BE580030CD64 /* Project object */;
}
